// !$*UTF8*$!
{
	archiveVersion = 1;
	classes = {
	};
	objectVersion = 51;
	objects = {

/* Begin PBXBuildFile section */
		510FBAB4273EB492000A1F70 /* AppDelegate.swift in Sources */ = {isa = PBXBuildFile; fileRef = 510FBAB3273EB492000A1F70 /* AppDelegate.swift */; };
		510FBAB6273EB492000A1F70 /* SceneDelegate.swift in Sources */ = {isa = PBXBuildFile; fileRef = 510FBAB5273EB492000A1F70 /* SceneDelegate.swift */; };
		510FBABD273EB49E000A1F70 /* Assets.xcassets in Resources */ = {isa = PBXBuildFile; fileRef = 510FBABC273EB49E000A1F70 /* Assets.xcassets */; };
		510FBAC0273EB49E000A1F70 /* LaunchScreen.storyboard in Resources */ = {isa = PBXBuildFile; fileRef = 510FBABE273EB49E000A1F70 /* LaunchScreen.storyboard */; };
		510FBACB273EB49F000A1F70 /* SWorldTests.swift in Sources */ = {isa = PBXBuildFile; fileRef = 510FBACA273EB49F000A1F70 /* SWorldTests.swift */; };
		510FBAD6273EB49F000A1F70 /* SWorldUITests.swift in Sources */ = {isa = PBXBuildFile; fileRef = 510FBAD5273EB49F000A1F70 /* SWorldUITests.swift */; };
		510FBAE8273EB50A000A1F70 /* Coordinator.swift in Sources */ = {isa = PBXBuildFile; fileRef = 510FBAE7273EB50A000A1F70 /* Coordinator.swift */; };
		510FBAF0273EB69F000A1F70 /* MainCoordinator.swift in Sources */ = {isa = PBXBuildFile; fileRef = 510FBAEF273EB69F000A1F70 /* MainCoordinator.swift */; };
		510FBAF7273EB761000A1F70 /* ListMoviesViewController.swift in Sources */ = {isa = PBXBuildFile; fileRef = 510FBAF5273EB761000A1F70 /* ListMoviesViewController.swift */; };
		510FBAF8273EB761000A1F70 /* ListMoviesViewController.xib in Resources */ = {isa = PBXBuildFile; fileRef = 510FBAF6273EB761000A1F70 /* ListMoviesViewController.xib */; };
		510FBB02273EB85F000A1F70 /* MovieTableViewCell.swift in Sources */ = {isa = PBXBuildFile; fileRef = 510FBB00273EB85F000A1F70 /* MovieTableViewCell.swift */; };
		510FBB03273EB85F000A1F70 /* MovieTableViewCell.xib in Resources */ = {isa = PBXBuildFile; fileRef = 510FBB01273EB85F000A1F70 /* MovieTableViewCell.xib */; };
		510FBB0F273EEDDE000A1F70 /* extension+UITableViewCell.swift in Sources */ = {isa = PBXBuildFile; fileRef = 510FBB0E273EEDDE000A1F70 /* extension+UITableViewCell.swift */; };
		514469FC273EFDC400318AFD /* RxCocoa.framework in Frameworks */ = {isa = PBXBuildFile; fileRef = 510FBB2A273EF49F000A1F70 /* RxCocoa.framework */; };
		514469FE273EFDC600318AFD /* RxRelay.framework in Frameworks */ = {isa = PBXBuildFile; fileRef = 510FBB2B273EF49F000A1F70 /* RxRelay.framework */; };
		51446A00273EFDC700318AFD /* RxSwift.framework in Frameworks */ = {isa = PBXBuildFile; fileRef = 510FBB2C273EF49F000A1F70 /* RxSwift.framework */; };
		517C89BC27419926003CC67F /* DetailMovieViewController.swift in Sources */ = {isa = PBXBuildFile; fileRef = 517C89BA27419926003CC67F /* DetailMovieViewController.swift */; };
		517C89BD27419927003CC67F /* DetailMovieViewController.xib in Resources */ = {isa = PBXBuildFile; fileRef = 517C89BB27419926003CC67F /* DetailMovieViewController.xib */; };
		517C89C327419BCC003CC67F /* DetailMovie.swift in Sources */ = {isa = PBXBuildFile; fileRef = 517C89C227419BCC003CC67F /* DetailMovie.swift */; };
		517C89C72741AD90003CC67F /* DetailMovieRequest.swift in Sources */ = {isa = PBXBuildFile; fileRef = 517C89C62741AD90003CC67F /* DetailMovieRequest.swift */; };
		517C89CD2742D312003CC67F /* SearchByTextMovieRequest.swift in Sources */ = {isa = PBXBuildFile; fileRef = 517C89CC2742D312003CC67F /* SearchByTextMovieRequest.swift */; };
		517C89D127430154003CC67F /* DetailMovieViewModel.swift in Sources */ = {isa = PBXBuildFile; fileRef = 517C89D027430154003CC67F /* DetailMovieViewModel.swift */; };
		517C89D6274429EC003CC67F /* RealmService.swift in Sources */ = {isa = PBXBuildFile; fileRef = 517C89D5274429EC003CC67F /* RealmService.swift */; };
		517C89DC27442C4F003CC67F /* RepositoryData.swift in Sources */ = {isa = PBXBuildFile; fileRef = 517C89DB27442C4F003CC67F /* RepositoryData.swift */; };
		517C89EF27446844003CC67F /* extension+UICollectionViewCell.swift in Sources */ = {isa = PBXBuildFile; fileRef = 517C89EE27446844003CC67F /* extension+UICollectionViewCell.swift */; };
		517C89F427446AAE003CC67F /* ProductionCompaniesCollectionViewCell.swift in Sources */ = {isa = PBXBuildFile; fileRef = 517C89F227446AAE003CC67F /* ProductionCompaniesCollectionViewCell.swift */; };
		517C89F527446AAE003CC67F /* ProductionCompaniesCollectionViewCell.xib in Resources */ = {isa = PBXBuildFile; fileRef = 517C89F327446AAE003CC67F /* ProductionCompaniesCollectionViewCell.xib */; };
		517C8A022745AF00003CC67F /* ImageManager.swift in Sources */ = {isa = PBXBuildFile; fileRef = 517C8A012745AF00003CC67F /* ImageManager.swift */; };
		517C8A082745B11C003CC67F /* ImageRequest.swift in Sources */ = {isa = PBXBuildFile; fileRef = 517C8A072745B11C003CC67F /* ImageRequest.swift */; };
		51C0A53D273F1391009D17EB /* ApiManager.swift in Sources */ = {isa = PBXBuildFile; fileRef = 51C0A53C273F1391009D17EB /* ApiManager.swift */; };
		51C0A548273F1800009D17EB /* Movie.swift in Sources */ = {isa = PBXBuildFile; fileRef = 51C0A547273F1800009D17EB /* Movie.swift */; };
		51C0A54C273F187F009D17EB /* Datas.swift in Sources */ = {isa = PBXBuildFile; fileRef = 51C0A54B273F187F009D17EB /* Datas.swift */; };
		51C0A553273F1FC3009D17EB /* ApiRequest.swift in Sources */ = {isa = PBXBuildFile; fileRef = 51C0A552273F1FC3009D17EB /* ApiRequest.swift */; };
		51C0A557273F208D009D17EB /* ListMoviesRequest.swift in Sources */ = {isa = PBXBuildFile; fileRef = 51C0A556273F208D009D17EB /* ListMoviesRequest.swift */; };
		51C0A5622740081C009D17EB /* ListMoviesViewModel.swift in Sources */ = {isa = PBXBuildFile; fileRef = 51C0A5612740081C009D17EB /* ListMoviesViewModel.swift */; };
		51C0A568274009F0009D17EB /* MoviesService.swift in Sources */ = {isa = PBXBuildFile; fileRef = 51C0A567274009F0009D17EB /* MoviesService.swift */; };
		51C0A571274012E9009D17EB /* extension+DataFormatter.swift in Sources */ = {isa = PBXBuildFile; fileRef = 51C0A570274012E9009D17EB /* extension+DataFormatter.swift */; };
		51C0A57527401332009D17EB /* ErrorModel.swift in Sources */ = {isa = PBXBuildFile; fileRef = 51C0A57427401332009D17EB /* ErrorModel.swift */; };
		51C0A59B274117F2009D17EB /* ImageCaching.swift in Sources */ = {isa = PBXBuildFile; fileRef = 51C0A59A274117F2009D17EB /* ImageCaching.swift */; };
		51C0A59F27411954009D17EB /* ImageDownloader.swift in Sources */ = {isa = PBXBuildFile; fileRef = 51C0A59E27411954009D17EB /* ImageDownloader.swift */; };
		9B3038D652172B85BF4E3900 /* Pods_SWorld.framework in Frameworks */ = {isa = PBXBuildFile; fileRef = A10AAE0AB0E1FE5AE61D89E0 /* Pods_SWorld.framework */; };
		9BFD0B1A30465CC7EE5E999F /* Pods_SWorld_SWorldUITests.framework in Frameworks */ = {isa = PBXBuildFile; fileRef = 8E2B689577F7F03ED75286C6 /* Pods_SWorld_SWorldUITests.framework */; };
		B06BFE1A762B44AE05F1BA59 /* Pods_SWorldTests.framework in Frameworks */ = {isa = PBXBuildFile; fileRef = 38EA36227AF57AA7C08E45FA /* Pods_SWorldTests.framework */; };
/* End PBXBuildFile section */

/* Begin PBXContainerItemProxy section */
		510FBAC7273EB49F000A1F70 /* PBXContainerItemProxy */ = {
			isa = PBXContainerItemProxy;
			containerPortal = 510FBAA8273EB492000A1F70 /* Project object */;
			proxyType = 1;
			remoteGlobalIDString = 510FBAAF273EB492000A1F70;
			remoteInfo = SWorld;
		};
		510FBAD2273EB49F000A1F70 /* PBXContainerItemProxy */ = {
			isa = PBXContainerItemProxy;
			containerPortal = 510FBAA8273EB492000A1F70 /* Project object */;
			proxyType = 1;
			remoteGlobalIDString = 510FBAAF273EB492000A1F70;
			remoteInfo = SWorld;
		};
/* End PBXContainerItemProxy section */

/* Begin PBXCopyFilesBuildPhase section */
		510FBB33273EF49F000A1F70 /* Embed Frameworks */ = {
			isa = PBXCopyFilesBuildPhase;
			buildActionMask = 2147483647;
			dstPath = "";
			dstSubfolderSpec = 10;
			files = (
			);
			name = "Embed Frameworks";
			runOnlyForDeploymentPostprocessing = 0;
		};
/* End PBXCopyFilesBuildPhase section */

/* Begin PBXFileReference section */
		08E4958734352EDBDF939EEF /* Pods-SWorld.release.xcconfig */ = {isa = PBXFileReference; includeInIndex = 1; lastKnownFileType = text.xcconfig; name = "Pods-SWorld.release.xcconfig"; path = "Target Support Files/Pods-SWorld/Pods-SWorld.release.xcconfig"; sourceTree = "<group>"; };
		38EA36227AF57AA7C08E45FA /* Pods_SWorldTests.framework */ = {isa = PBXFileReference; explicitFileType = wrapper.framework; includeInIndex = 0; path = Pods_SWorldTests.framework; sourceTree = BUILT_PRODUCTS_DIR; };
		437080D9D2CEBDE86A3DCB34 /* Pods-SWorldTests.release.xcconfig */ = {isa = PBXFileReference; includeInIndex = 1; lastKnownFileType = text.xcconfig; name = "Pods-SWorldTests.release.xcconfig"; path = "Target Support Files/Pods-SWorldTests/Pods-SWorldTests.release.xcconfig"; sourceTree = "<group>"; };
		510FBAB0273EB492000A1F70 /* SWorld.app */ = {isa = PBXFileReference; explicitFileType = wrapper.application; includeInIndex = 0; path = SWorld.app; sourceTree = BUILT_PRODUCTS_DIR; };
		510FBAB3273EB492000A1F70 /* AppDelegate.swift */ = {isa = PBXFileReference; lastKnownFileType = sourcecode.swift; path = AppDelegate.swift; sourceTree = "<group>"; };
		510FBAB5273EB492000A1F70 /* SceneDelegate.swift */ = {isa = PBXFileReference; lastKnownFileType = sourcecode.swift; path = SceneDelegate.swift; sourceTree = "<group>"; };
		510FBABC273EB49E000A1F70 /* Assets.xcassets */ = {isa = PBXFileReference; lastKnownFileType = folder.assetcatalog; path = Assets.xcassets; sourceTree = "<group>"; };
		510FBABF273EB49E000A1F70 /* Base */ = {isa = PBXFileReference; lastKnownFileType = file.storyboard; name = Base; path = Base.lproj/LaunchScreen.storyboard; sourceTree = "<group>"; };
		510FBAC1273EB49E000A1F70 /* Info.plist */ = {isa = PBXFileReference; lastKnownFileType = text.plist.xml; path = Info.plist; sourceTree = "<group>"; };
		510FBAC6273EB49F000A1F70 /* SWorldTests.xctest */ = {isa = PBXFileReference; explicitFileType = wrapper.cfbundle; includeInIndex = 0; path = SWorldTests.xctest; sourceTree = BUILT_PRODUCTS_DIR; };
		510FBACA273EB49F000A1F70 /* SWorldTests.swift */ = {isa = PBXFileReference; lastKnownFileType = sourcecode.swift; path = SWorldTests.swift; sourceTree = "<group>"; };
		510FBACC273EB49F000A1F70 /* Info.plist */ = {isa = PBXFileReference; lastKnownFileType = text.plist.xml; path = Info.plist; sourceTree = "<group>"; };
		510FBAD1273EB49F000A1F70 /* SWorldUITests.xctest */ = {isa = PBXFileReference; explicitFileType = wrapper.cfbundle; includeInIndex = 0; path = SWorldUITests.xctest; sourceTree = BUILT_PRODUCTS_DIR; };
		510FBAD5273EB49F000A1F70 /* SWorldUITests.swift */ = {isa = PBXFileReference; lastKnownFileType = sourcecode.swift; path = SWorldUITests.swift; sourceTree = "<group>"; };
		510FBAD7273EB49F000A1F70 /* Info.plist */ = {isa = PBXFileReference; lastKnownFileType = text.plist.xml; path = Info.plist; sourceTree = "<group>"; };
		510FBAE7273EB50A000A1F70 /* Coordinator.swift */ = {isa = PBXFileReference; lastKnownFileType = sourcecode.swift; path = Coordinator.swift; sourceTree = "<group>"; };
		510FBAEF273EB69F000A1F70 /* MainCoordinator.swift */ = {isa = PBXFileReference; lastKnownFileType = sourcecode.swift; path = MainCoordinator.swift; sourceTree = "<group>"; };
		510FBAF5273EB761000A1F70 /* ListMoviesViewController.swift */ = {isa = PBXFileReference; lastKnownFileType = sourcecode.swift; path = ListMoviesViewController.swift; sourceTree = "<group>"; };
		510FBAF6273EB761000A1F70 /* ListMoviesViewController.xib */ = {isa = PBXFileReference; lastKnownFileType = file.xib; path = ListMoviesViewController.xib; sourceTree = "<group>"; };
		510FBB00273EB85F000A1F70 /* MovieTableViewCell.swift */ = {isa = PBXFileReference; lastKnownFileType = sourcecode.swift; path = MovieTableViewCell.swift; sourceTree = "<group>"; };
		510FBB01273EB85F000A1F70 /* MovieTableViewCell.xib */ = {isa = PBXFileReference; lastKnownFileType = file.xib; path = MovieTableViewCell.xib; sourceTree = "<group>"; };
		510FBB0E273EEDDE000A1F70 /* extension+UITableViewCell.swift */ = {isa = PBXFileReference; lastKnownFileType = sourcecode.swift; path = "extension+UITableViewCell.swift"; sourceTree = "<group>"; };
		510FBB2A273EF49F000A1F70 /* RxCocoa.framework */ = {isa = PBXFileReference; explicitFileType = wrapper.framework; path = RxCocoa.framework; sourceTree = BUILT_PRODUCTS_DIR; };
		510FBB2B273EF49F000A1F70 /* RxRelay.framework */ = {isa = PBXFileReference; explicitFileType = wrapper.framework; path = RxRelay.framework; sourceTree = BUILT_PRODUCTS_DIR; };
		510FBB2C273EF49F000A1F70 /* RxSwift.framework */ = {isa = PBXFileReference; explicitFileType = wrapper.framework; path = RxSwift.framework; sourceTree = BUILT_PRODUCTS_DIR; };
		517C89BA27419926003CC67F /* DetailMovieViewController.swift */ = {isa = PBXFileReference; lastKnownFileType = sourcecode.swift; path = DetailMovieViewController.swift; sourceTree = "<group>"; };
		517C89BB27419926003CC67F /* DetailMovieViewController.xib */ = {isa = PBXFileReference; lastKnownFileType = file.xib; path = DetailMovieViewController.xib; sourceTree = "<group>"; };
		517C89C227419BCC003CC67F /* DetailMovie.swift */ = {isa = PBXFileReference; lastKnownFileType = sourcecode.swift; path = DetailMovie.swift; sourceTree = "<group>"; };
		517C89C62741AD90003CC67F /* DetailMovieRequest.swift */ = {isa = PBXFileReference; lastKnownFileType = sourcecode.swift; path = DetailMovieRequest.swift; sourceTree = "<group>"; };
		517C89CC2742D312003CC67F /* SearchByTextMovieRequest.swift */ = {isa = PBXFileReference; lastKnownFileType = sourcecode.swift; path = SearchByTextMovieRequest.swift; sourceTree = "<group>"; };
		517C89D027430154003CC67F /* DetailMovieViewModel.swift */ = {isa = PBXFileReference; lastKnownFileType = sourcecode.swift; path = DetailMovieViewModel.swift; sourceTree = "<group>"; };
		517C89D5274429EC003CC67F /* RealmService.swift */ = {isa = PBXFileReference; lastKnownFileType = sourcecode.swift; path = RealmService.swift; sourceTree = "<group>"; };
		517C89DB27442C4F003CC67F /* RepositoryData.swift */ = {isa = PBXFileReference; lastKnownFileType = sourcecode.swift; path = RepositoryData.swift; sourceTree = "<group>"; };
		517C89EE27446844003CC67F /* extension+UICollectionViewCell.swift */ = {isa = PBXFileReference; lastKnownFileType = sourcecode.swift; path = "extension+UICollectionViewCell.swift"; sourceTree = "<group>"; };
		517C89F227446AAE003CC67F /* ProductionCompaniesCollectionViewCell.swift */ = {isa = PBXFileReference; lastKnownFileType = sourcecode.swift; path = ProductionCompaniesCollectionViewCell.swift; sourceTree = "<group>"; };
		517C89F327446AAE003CC67F /* ProductionCompaniesCollectionViewCell.xib */ = {isa = PBXFileReference; lastKnownFileType = file.xib; path = ProductionCompaniesCollectionViewCell.xib; sourceTree = "<group>"; };
		517C8A012745AF00003CC67F /* ImageManager.swift */ = {isa = PBXFileReference; lastKnownFileType = sourcecode.swift; path = ImageManager.swift; sourceTree = "<group>"; };
		517C8A072745B11C003CC67F /* ImageRequest.swift */ = {isa = PBXFileReference; lastKnownFileType = sourcecode.swift; path = ImageRequest.swift; sourceTree = "<group>"; };
		51C0A53C273F1391009D17EB /* ApiManager.swift */ = {isa = PBXFileReference; lastKnownFileType = sourcecode.swift; path = ApiManager.swift; sourceTree = "<group>"; };
		51C0A547273F1800009D17EB /* Movie.swift */ = {isa = PBXFileReference; lastKnownFileType = sourcecode.swift; path = Movie.swift; sourceTree = "<group>"; };
		51C0A54B273F187F009D17EB /* Datas.swift */ = {isa = PBXFileReference; lastKnownFileType = sourcecode.swift; path = Datas.swift; sourceTree = "<group>"; };
		51C0A552273F1FC3009D17EB /* ApiRequest.swift */ = {isa = PBXFileReference; lastKnownFileType = sourcecode.swift; path = ApiRequest.swift; sourceTree = "<group>"; };
		51C0A556273F208D009D17EB /* ListMoviesRequest.swift */ = {isa = PBXFileReference; lastKnownFileType = sourcecode.swift; path = ListMoviesRequest.swift; sourceTree = "<group>"; };
		51C0A5612740081C009D17EB /* ListMoviesViewModel.swift */ = {isa = PBXFileReference; lastKnownFileType = sourcecode.swift; path = ListMoviesViewModel.swift; sourceTree = "<group>"; };
		51C0A567274009F0009D17EB /* MoviesService.swift */ = {isa = PBXFileReference; lastKnownFileType = sourcecode.swift; path = MoviesService.swift; sourceTree = "<group>"; };
		51C0A570274012E9009D17EB /* extension+DataFormatter.swift */ = {isa = PBXFileReference; lastKnownFileType = sourcecode.swift; path = "extension+DataFormatter.swift"; sourceTree = "<group>"; };
		51C0A57427401332009D17EB /* ErrorModel.swift */ = {isa = PBXFileReference; lastKnownFileType = sourcecode.swift; path = ErrorModel.swift; sourceTree = "<group>"; };
		51C0A59A274117F2009D17EB /* ImageCaching.swift */ = {isa = PBXFileReference; lastKnownFileType = sourcecode.swift; path = ImageCaching.swift; sourceTree = "<group>"; };
		51C0A59E27411954009D17EB /* ImageDownloader.swift */ = {isa = PBXFileReference; lastKnownFileType = sourcecode.swift; path = ImageDownloader.swift; sourceTree = "<group>"; };
		5A512046CD169F0ED1BCDF0F /* Pods-SWorldTests.debug.xcconfig */ = {isa = PBXFileReference; includeInIndex = 1; lastKnownFileType = text.xcconfig; name = "Pods-SWorldTests.debug.xcconfig"; path = "Target Support Files/Pods-SWorldTests/Pods-SWorldTests.debug.xcconfig"; sourceTree = "<group>"; };
		7018C5423B40E52022541938 /* Pods-SWorld-SWorldUITests.debug.xcconfig */ = {isa = PBXFileReference; includeInIndex = 1; lastKnownFileType = text.xcconfig; name = "Pods-SWorld-SWorldUITests.debug.xcconfig"; path = "Target Support Files/Pods-SWorld-SWorldUITests/Pods-SWorld-SWorldUITests.debug.xcconfig"; sourceTree = "<group>"; };
		8E2B689577F7F03ED75286C6 /* Pods_SWorld_SWorldUITests.framework */ = {isa = PBXFileReference; explicitFileType = wrapper.framework; includeInIndex = 0; path = Pods_SWorld_SWorldUITests.framework; sourceTree = BUILT_PRODUCTS_DIR; };
		A10AAE0AB0E1FE5AE61D89E0 /* Pods_SWorld.framework */ = {isa = PBXFileReference; explicitFileType = wrapper.framework; includeInIndex = 0; path = Pods_SWorld.framework; sourceTree = BUILT_PRODUCTS_DIR; };
		AC69A0C03FBF3A81B6A95791 /* Pods-SWorld-SWorldUITests.release.xcconfig */ = {isa = PBXFileReference; includeInIndex = 1; lastKnownFileType = text.xcconfig; name = "Pods-SWorld-SWorldUITests.release.xcconfig"; path = "Target Support Files/Pods-SWorld-SWorldUITests/Pods-SWorld-SWorldUITests.release.xcconfig"; sourceTree = "<group>"; };
		DD90DEACB0748030E34CBEAD /* Pods-SWorld.debug.xcconfig */ = {isa = PBXFileReference; includeInIndex = 1; lastKnownFileType = text.xcconfig; name = "Pods-SWorld.debug.xcconfig"; path = "Target Support Files/Pods-SWorld/Pods-SWorld.debug.xcconfig"; sourceTree = "<group>"; };
/* End PBXFileReference section */

/* Begin PBXFrameworksBuildPhase section */
		510FBAAD273EB492000A1F70 /* Frameworks */ = {
			isa = PBXFrameworksBuildPhase;
			buildActionMask = 2147483647;
			files = (
				51446A00273EFDC700318AFD /* RxSwift.framework in Frameworks */,
				514469FE273EFDC600318AFD /* RxRelay.framework in Frameworks */,
				514469FC273EFDC400318AFD /* RxCocoa.framework in Frameworks */,
				9B3038D652172B85BF4E3900 /* Pods_SWorld.framework in Frameworks */,
			);
			runOnlyForDeploymentPostprocessing = 0;
		};
		510FBAC3273EB49F000A1F70 /* Frameworks */ = {
			isa = PBXFrameworksBuildPhase;
			buildActionMask = 2147483647;
			files = (
				B06BFE1A762B44AE05F1BA59 /* Pods_SWorldTests.framework in Frameworks */,
			);
			runOnlyForDeploymentPostprocessing = 0;
		};
		510FBACE273EB49F000A1F70 /* Frameworks */ = {
			isa = PBXFrameworksBuildPhase;
			buildActionMask = 2147483647;
			files = (
				9BFD0B1A30465CC7EE5E999F /* Pods_SWorld_SWorldUITests.framework in Frameworks */,
			);
			runOnlyForDeploymentPostprocessing = 0;
		};
/* End PBXFrameworksBuildPhase section */

/* Begin PBXGroup section */
		0D8E45A56DDD14BB87F123AC /* Pods */ = {
			isa = PBXGroup;
			children = (
				DD90DEACB0748030E34CBEAD /* Pods-SWorld.debug.xcconfig */,
				08E4958734352EDBDF939EEF /* Pods-SWorld.release.xcconfig */,
				7018C5423B40E52022541938 /* Pods-SWorld-SWorldUITests.debug.xcconfig */,
				AC69A0C03FBF3A81B6A95791 /* Pods-SWorld-SWorldUITests.release.xcconfig */,
				5A512046CD169F0ED1BCDF0F /* Pods-SWorldTests.debug.xcconfig */,
				437080D9D2CEBDE86A3DCB34 /* Pods-SWorldTests.release.xcconfig */,
			);
			path = Pods;
			sourceTree = "<group>";
		};
		510FBAA7273EB492000A1F70 = {
			isa = PBXGroup;
			children = (
				510FBAB2273EB492000A1F70 /* SWorld */,
				510FBAC9273EB49F000A1F70 /* SWorldTests */,
				510FBAD4273EB49F000A1F70 /* SWorldUITests */,
				510FBAB1273EB492000A1F70 /* Products */,
				0D8E45A56DDD14BB87F123AC /* Pods */,
				EF6345166D95683352B2E76E /* Frameworks */,
			);
			sourceTree = "<group>";
		};
		510FBAB1273EB492000A1F70 /* Products */ = {
			isa = PBXGroup;
			children = (
				510FBAB0273EB492000A1F70 /* SWorld.app */,
				510FBAC6273EB49F000A1F70 /* SWorldTests.xctest */,
				510FBAD1273EB49F000A1F70 /* SWorldUITests.xctest */,
			);
			name = Products;
			sourceTree = "<group>";
		};
		510FBAB2273EB492000A1F70 /* SWorld */ = {
			isa = PBXGroup;
			children = (
				517C8A002745AEE8003CC67F /* ImageManager */,
				517C89D4274429C7003CC67F /* Repository */,
				51C0A59527407D83009D17EB /* Utils */,
				51C0A540273F14C1009D17EB /* Models */,
				51C0A53B273F137D009D17EB /* ApiManager */,
				510FBB0D273EEDB8000A1F70 /* extension */,
				510FBAF4273EB6D8000A1F70 /* ui */,
				510FBAE6273EB4EC000A1F70 /* Coordinators */,
				510FBAB3273EB492000A1F70 /* AppDelegate.swift */,
				510FBAB5273EB492000A1F70 /* SceneDelegate.swift */,
				510FBABC273EB49E000A1F70 /* Assets.xcassets */,
				510FBABE273EB49E000A1F70 /* LaunchScreen.storyboard */,
				510FBAC1273EB49E000A1F70 /* Info.plist */,
			);
			path = SWorld;
			sourceTree = "<group>";
		};
		510FBAC9273EB49F000A1F70 /* SWorldTests */ = {
			isa = PBXGroup;
			children = (
				510FBACA273EB49F000A1F70 /* SWorldTests.swift */,
				510FBACC273EB49F000A1F70 /* Info.plist */,
			);
			path = SWorldTests;
			sourceTree = "<group>";
		};
		510FBAD4273EB49F000A1F70 /* SWorldUITests */ = {
			isa = PBXGroup;
			children = (
				510FBAD5273EB49F000A1F70 /* SWorldUITests.swift */,
				510FBAD7273EB49F000A1F70 /* Info.plist */,
			);
			path = SWorldUITests;
			sourceTree = "<group>";
		};
		510FBAE6273EB4EC000A1F70 /* Coordinators */ = {
			isa = PBXGroup;
			children = (
				510FBAE7273EB50A000A1F70 /* Coordinator.swift */,
				510FBAEF273EB69F000A1F70 /* MainCoordinator.swift */,
			);
			path = Coordinators;
			sourceTree = "<group>";
		};
		510FBAF4273EB6D8000A1F70 /* ui */ = {
			isa = PBXGroup;
			children = (
				517C89B8274198F7003CC67F /* DetailMovie */,
				510FBAFF273EB834000A1F70 /* ItemMovie */,
				510FBAF5273EB761000A1F70 /* ListMoviesViewController.swift */,
				510FBAF6273EB761000A1F70 /* ListMoviesViewController.xib */,
				51C0A5612740081C009D17EB /* ListMoviesViewModel.swift */,
			);
			path = ui;
			sourceTree = "<group>";
		};
		510FBAFF273EB834000A1F70 /* ItemMovie */ = {
			isa = PBXGroup;
			children = (
				510FBB00273EB85F000A1F70 /* MovieTableViewCell.swift */,
				510FBB01273EB85F000A1F70 /* MovieTableViewCell.xib */,
			);
			path = ItemMovie;
			sourceTree = "<group>";
		};
		510FBB0D273EEDB8000A1F70 /* extension */ = {
			isa = PBXGroup;
			children = (
				510FBB0E273EEDDE000A1F70 /* extension+UITableViewCell.swift */,
				51C0A570274012E9009D17EB /* extension+DataFormatter.swift */,
				517C89EE27446844003CC67F /* extension+UICollectionViewCell.swift */,
			);
			path = extension;
			sourceTree = "<group>";
		};
		517C89B8274198F7003CC67F /* DetailMovie */ = {
			isa = PBXGroup;
			children = (
				517C89E52744665F003CC67F /* CellCollection */,
				517C89BA27419926003CC67F /* DetailMovieViewController.swift */,
				517C89BB27419926003CC67F /* DetailMovieViewController.xib */,
				517C89D027430154003CC67F /* DetailMovieViewModel.swift */,
			);
			path = DetailMovie;
			sourceTree = "<group>";
		};
		517C89D4274429C7003CC67F /* Repository */ = {
			isa = PBXGroup;
			children = (
				51C0A567274009F0009D17EB /* MoviesService.swift */,
				517C89D5274429EC003CC67F /* RealmService.swift */,
				517C89DB27442C4F003CC67F /* RepositoryData.swift */,
			);
			path = Repository;
			sourceTree = "<group>";
		};
		517C89E52744665F003CC67F /* CellCollection */ = {
			isa = PBXGroup;
			children = (
				517C89F227446AAE003CC67F /* ProductionCompaniesCollectionViewCell.swift */,
				517C89F327446AAE003CC67F /* ProductionCompaniesCollectionViewCell.xib */,
			);
			path = CellCollection;
			sourceTree = "<group>";
		};
		517C8A002745AEE8003CC67F /* ImageManager */ = {
			isa = PBXGroup;
			children = (
				517C8A012745AF00003CC67F /* ImageManager.swift */,
				517C8A072745B11C003CC67F /* ImageRequest.swift */,
			);
			path = ImageManager;
			sourceTree = "<group>";
		};
		51C0A53B273F137D009D17EB /* ApiManager */ = {
			isa = PBXGroup;
			children = (
				51C0A551273F1F8B009D17EB /* RequestDTO */,
				51C0A53C273F1391009D17EB /* ApiManager.swift */,
				51C0A552273F1FC3009D17EB /* ApiRequest.swift */,
				51C0A59E27411954009D17EB /* ImageDownloader.swift */,
			);
			path = ApiManager;
			sourceTree = "<group>";
		};
		51C0A540273F14C1009D17EB /* Models */ = {
			isa = PBXGroup;
			children = (
				51C0A547273F1800009D17EB /* Movie.swift */,
				51C0A54B273F187F009D17EB /* Datas.swift */,
				51C0A57427401332009D17EB /* ErrorModel.swift */,
				517C89C227419BCC003CC67F /* DetailMovie.swift */,
			);
			path = Models;
			sourceTree = "<group>";
		};
		51C0A551273F1F8B009D17EB /* RequestDTO */ = {
			isa = PBXGroup;
			children = (
				51C0A556273F208D009D17EB /* ListMoviesRequest.swift */,
				517C89C62741AD90003CC67F /* DetailMovieRequest.swift */,
				517C89CC2742D312003CC67F /* SearchByTextMovieRequest.swift */,
			);
			path = RequestDTO;
			sourceTree = "<group>";
		};
		51C0A59527407D83009D17EB /* Utils */ = {
			isa = PBXGroup;
			children = (
				51C0A59A274117F2009D17EB /* ImageCaching.swift */,
			);
			path = Utils;
			sourceTree = "<group>";
		};
		EF6345166D95683352B2E76E /* Frameworks */ = {
			isa = PBXGroup;
			children = (
				510FBB2A273EF49F000A1F70 /* RxCocoa.framework */,
				510FBB2B273EF49F000A1F70 /* RxRelay.framework */,
				510FBB2C273EF49F000A1F70 /* RxSwift.framework */,
				A10AAE0AB0E1FE5AE61D89E0 /* Pods_SWorld.framework */,
				8E2B689577F7F03ED75286C6 /* Pods_SWorld_SWorldUITests.framework */,
				38EA36227AF57AA7C08E45FA /* Pods_SWorldTests.framework */,
			);
			name = Frameworks;
			sourceTree = "<group>";
		};
/* End PBXGroup section */

/* Begin PBXNativeTarget section */
		510FBAAF273EB492000A1F70 /* SWorld */ = {
			isa = PBXNativeTarget;
			buildConfigurationList = 510FBADA273EB49F000A1F70 /* Build configuration list for PBXNativeTarget "SWorld" */;
			buildPhases = (
				90645F5CB8ABB763B7EB06AF /* [CP] Check Pods Manifest.lock */,
				510FBAAC273EB492000A1F70 /* Sources */,
				510FBAAD273EB492000A1F70 /* Frameworks */,
				510FBAAE273EB492000A1F70 /* Resources */,
				510FBB33273EF49F000A1F70 /* Embed Frameworks */,
				AC535F3E92F4180404FDFBC5 /* [CP] Embed Pods Frameworks */,
			);
			buildRules = (
			);
			dependencies = (
			);
			name = SWorld;
			productName = SWorld;
			productReference = 510FBAB0273EB492000A1F70 /* SWorld.app */;
			productType = "com.apple.product-type.application";
		};
		510FBAC5273EB49F000A1F70 /* SWorldTests */ = {
			isa = PBXNativeTarget;
			buildConfigurationList = 510FBADD273EB49F000A1F70 /* Build configuration list for PBXNativeTarget "SWorldTests" */;
			buildPhases = (
				52F455AD89C3FA83E5E52096 /* [CP] Check Pods Manifest.lock */,
				510FBAC2273EB49F000A1F70 /* Sources */,
				510FBAC3273EB49F000A1F70 /* Frameworks */,
				510FBAC4273EB49F000A1F70 /* Resources */,
			);
			buildRules = (
			);
			dependencies = (
				510FBAC8273EB49F000A1F70 /* PBXTargetDependency */,
			);
			name = SWorldTests;
			productName = SWorldTests;
			productReference = 510FBAC6273EB49F000A1F70 /* SWorldTests.xctest */;
			productType = "com.apple.product-type.bundle.unit-test";
		};
		510FBAD0273EB49F000A1F70 /* SWorldUITests */ = {
			isa = PBXNativeTarget;
			buildConfigurationList = 510FBAE0273EB49F000A1F70 /* Build configuration list for PBXNativeTarget "SWorldUITests" */;
			buildPhases = (
				5B7FEEBCF14CCCB3166DC7DB /* [CP] Check Pods Manifest.lock */,
				510FBACD273EB49F000A1F70 /* Sources */,
				510FBACE273EB49F000A1F70 /* Frameworks */,
				510FBACF273EB49F000A1F70 /* Resources */,
				2B28B462714A5AF35CD5E4A1 /* [CP] Embed Pods Frameworks */,
			);
			buildRules = (
			);
			dependencies = (
				510FBAD3273EB49F000A1F70 /* PBXTargetDependency */,
			);
			name = SWorldUITests;
			productName = SWorldUITests;
			productReference = 510FBAD1273EB49F000A1F70 /* SWorldUITests.xctest */;
			productType = "com.apple.product-type.bundle.ui-testing";
		};
/* End PBXNativeTarget section */

/* Begin PBXProject section */
		510FBAA8273EB492000A1F70 /* Project object */ = {
			isa = PBXProject;
			attributes = {
				LastSwiftUpdateCheck = 1220;
				LastUpgradeCheck = 1220;
				TargetAttributes = {
					510FBAAF273EB492000A1F70 = {
						CreatedOnToolsVersion = 12.2;
					};
					510FBAC5273EB49F000A1F70 = {
						CreatedOnToolsVersion = 12.2;
						TestTargetID = 510FBAAF273EB492000A1F70;
					};
					510FBAD0273EB49F000A1F70 = {
						CreatedOnToolsVersion = 12.2;
						TestTargetID = 510FBAAF273EB492000A1F70;
					};
				};
			};
			buildConfigurationList = 510FBAAB273EB492000A1F70 /* Build configuration list for PBXProject "SWorld" */;
			compatibilityVersion = "Xcode 9.3";
			developmentRegion = en;
			hasScannedForEncodings = 0;
			knownRegions = (
				en,
				Base,
			);
			mainGroup = 510FBAA7273EB492000A1F70;
			productRefGroup = 510FBAB1273EB492000A1F70 /* Products */;
			projectDirPath = "";
			projectRoot = "";
			targets = (
				510FBAAF273EB492000A1F70 /* SWorld */,
				510FBAC5273EB49F000A1F70 /* SWorldTests */,
				510FBAD0273EB49F000A1F70 /* SWorldUITests */,
			);
		};
/* End PBXProject section */

/* Begin PBXResourcesBuildPhase section */
		510FBAAE273EB492000A1F70 /* Resources */ = {
			isa = PBXResourcesBuildPhase;
			buildActionMask = 2147483647;
			files = (
				510FBAC0273EB49E000A1F70 /* LaunchScreen.storyboard in Resources */,
				517C89BD27419927003CC67F /* DetailMovieViewController.xib in Resources */,
				517C89F527446AAE003CC67F /* ProductionCompaniesCollectionViewCell.xib in Resources */,
				510FBB03273EB85F000A1F70 /* MovieTableViewCell.xib in Resources */,
				510FBABD273EB49E000A1F70 /* Assets.xcassets in Resources */,
				510FBAF8273EB761000A1F70 /* ListMoviesViewController.xib in Resources */,
			);
			runOnlyForDeploymentPostprocessing = 0;
		};
		510FBAC4273EB49F000A1F70 /* Resources */ = {
			isa = PBXResourcesBuildPhase;
			buildActionMask = 2147483647;
			files = (
			);
			runOnlyForDeploymentPostprocessing = 0;
		};
		510FBACF273EB49F000A1F70 /* Resources */ = {
			isa = PBXResourcesBuildPhase;
			buildActionMask = 2147483647;
			files = (
			);
			runOnlyForDeploymentPostprocessing = 0;
		};
/* End PBXResourcesBuildPhase section */

/* Begin PBXShellScriptBuildPhase section */
		2B28B462714A5AF35CD5E4A1 /* [CP] Embed Pods Frameworks */ = {
			isa = PBXShellScriptBuildPhase;
			buildActionMask = 2147483647;
			files = (
			);
			inputFileListPaths = (
				"${PODS_ROOT}/Target Support Files/Pods-SWorld-SWorldUITests/Pods-SWorld-SWorldUITests-frameworks-${CONFIGURATION}-input-files.xcfilelist",
			);
			name = "[CP] Embed Pods Frameworks";
			outputFileListPaths = (
				"${PODS_ROOT}/Target Support Files/Pods-SWorld-SWorldUITests/Pods-SWorld-SWorldUITests-frameworks-${CONFIGURATION}-output-files.xcfilelist",
			);
			runOnlyForDeploymentPostprocessing = 0;
			shellPath = /bin/sh;
			shellScript = "\"${PODS_ROOT}/Target Support Files/Pods-SWorld-SWorldUITests/Pods-SWorld-SWorldUITests-frameworks.sh\"\n";
			showEnvVarsInLog = 0;
		};
		52F455AD89C3FA83E5E52096 /* [CP] Check Pods Manifest.lock */ = {
			isa = PBXShellScriptBuildPhase;
			buildActionMask = 2147483647;
			files = (
			);
			inputFileListPaths = (
			);
			inputPaths = (
				"${PODS_PODFILE_DIR_PATH}/Podfile.lock",
				"${PODS_ROOT}/Manifest.lock",
			);
			name = "[CP] Check Pods Manifest.lock";
			outputFileListPaths = (
			);
			outputPaths = (
				"$(DERIVED_FILE_DIR)/Pods-SWorldTests-checkManifestLockResult.txt",
			);
			runOnlyForDeploymentPostprocessing = 0;
			shellPath = /bin/sh;
			shellScript = "diff \"${PODS_PODFILE_DIR_PATH}/Podfile.lock\" \"${PODS_ROOT}/Manifest.lock\" > /dev/null\nif [ $? != 0 ] ; then\n    # print error to STDERR\n    echo \"error: The sandbox is not in sync with the Podfile.lock. Run 'pod install' or update your CocoaPods installation.\" >&2\n    exit 1\nfi\n# This output is used by Xcode 'outputs' to avoid re-running this script phase.\necho \"SUCCESS\" > \"${SCRIPT_OUTPUT_FILE_0}\"\n";
			showEnvVarsInLog = 0;
		};
		5B7FEEBCF14CCCB3166DC7DB /* [CP] Check Pods Manifest.lock */ = {
			isa = PBXShellScriptBuildPhase;
			buildActionMask = 2147483647;
			files = (
			);
			inputFileListPaths = (
			);
			inputPaths = (
				"${PODS_PODFILE_DIR_PATH}/Podfile.lock",
				"${PODS_ROOT}/Manifest.lock",
			);
			name = "[CP] Check Pods Manifest.lock";
			outputFileListPaths = (
			);
			outputPaths = (
				"$(DERIVED_FILE_DIR)/Pods-SWorld-SWorldUITests-checkManifestLockResult.txt",
			);
			runOnlyForDeploymentPostprocessing = 0;
			shellPath = /bin/sh;
			shellScript = "diff \"${PODS_PODFILE_DIR_PATH}/Podfile.lock\" \"${PODS_ROOT}/Manifest.lock\" > /dev/null\nif [ $? != 0 ] ; then\n    # print error to STDERR\n    echo \"error: The sandbox is not in sync with the Podfile.lock. Run 'pod install' or update your CocoaPods installation.\" >&2\n    exit 1\nfi\n# This output is used by Xcode 'outputs' to avoid re-running this script phase.\necho \"SUCCESS\" > \"${SCRIPT_OUTPUT_FILE_0}\"\n";
			showEnvVarsInLog = 0;
		};
		90645F5CB8ABB763B7EB06AF /* [CP] Check Pods Manifest.lock */ = {
			isa = PBXShellScriptBuildPhase;
			buildActionMask = 2147483647;
			files = (
			);
			inputFileListPaths = (
			);
			inputPaths = (
				"${PODS_PODFILE_DIR_PATH}/Podfile.lock",
				"${PODS_ROOT}/Manifest.lock",
			);
			name = "[CP] Check Pods Manifest.lock";
			outputFileListPaths = (
			);
			outputPaths = (
				"$(DERIVED_FILE_DIR)/Pods-SWorld-checkManifestLockResult.txt",
			);
			runOnlyForDeploymentPostprocessing = 0;
			shellPath = /bin/sh;
			shellScript = "diff \"${PODS_PODFILE_DIR_PATH}/Podfile.lock\" \"${PODS_ROOT}/Manifest.lock\" > /dev/null\nif [ $? != 0 ] ; then\n    # print error to STDERR\n    echo \"error: The sandbox is not in sync with the Podfile.lock. Run 'pod install' or update your CocoaPods installation.\" >&2\n    exit 1\nfi\n# This output is used by Xcode 'outputs' to avoid re-running this script phase.\necho \"SUCCESS\" > \"${SCRIPT_OUTPUT_FILE_0}\"\n";
			showEnvVarsInLog = 0;
		};
		AC535F3E92F4180404FDFBC5 /* [CP] Embed Pods Frameworks */ = {
			isa = PBXShellScriptBuildPhase;
			buildActionMask = 2147483647;
			files = (
			);
			inputFileListPaths = (
				"${PODS_ROOT}/Target Support Files/Pods-SWorld/Pods-SWorld-frameworks-${CONFIGURATION}-input-files.xcfilelist",
			);
			name = "[CP] Embed Pods Frameworks";
			outputFileListPaths = (
				"${PODS_ROOT}/Target Support Files/Pods-SWorld/Pods-SWorld-frameworks-${CONFIGURATION}-output-files.xcfilelist",
			);
			runOnlyForDeploymentPostprocessing = 0;
			shellPath = /bin/sh;
			shellScript = "\"${PODS_ROOT}/Target Support Files/Pods-SWorld/Pods-SWorld-frameworks.sh\"\n";
			showEnvVarsInLog = 0;
		};
/* End PBXShellScriptBuildPhase section */

/* Begin PBXSourcesBuildPhase section */
		510FBAAC273EB492000A1F70 /* Sources */ = {
			isa = PBXSourcesBuildPhase;
			buildActionMask = 2147483647;
			files = (
				51C0A57527401332009D17EB /* ErrorModel.swift in Sources */,
				51C0A5622740081C009D17EB /* ListMoviesViewModel.swift in Sources */,
				510FBAE8273EB50A000A1F70 /* Coordinator.swift in Sources */,
				517C89C327419BCC003CC67F /* DetailMovie.swift in Sources */,
				517C89C72741AD90003CC67F /* DetailMovieRequest.swift in Sources */,
				51C0A557273F208D009D17EB /* ListMoviesRequest.swift in Sources */,
				51C0A53D273F1391009D17EB /* ApiManager.swift in Sources */,
				51C0A553273F1FC3009D17EB /* ApiRequest.swift in Sources */,
				51C0A59F27411954009D17EB /* ImageDownloader.swift in Sources */,
				517C89F427446AAE003CC67F /* ProductionCompaniesCollectionViewCell.swift in Sources */,
				517C8A082745B11C003CC67F /* ImageRequest.swift in Sources */,
				510FBB02273EB85F000A1F70 /* MovieTableViewCell.swift in Sources */,
				51C0A568274009F0009D17EB /* MoviesService.swift in Sources */,
				510FBB0F273EEDDE000A1F70 /* extension+UITableViewCell.swift in Sources */,
				510FBAB4273EB492000A1F70 /* AppDelegate.swift in Sources */,
				510FBAF7273EB761000A1F70 /* ListMoviesViewController.swift in Sources */,
				51C0A59B274117F2009D17EB /* ImageCaching.swift in Sources */,
				517C89EF27446844003CC67F /* extension+UICollectionViewCell.swift in Sources */,
				517C89CD2742D312003CC67F /* SearchByTextMovieRequest.swift in Sources */,
				51C0A54C273F187F009D17EB /* Datas.swift in Sources */,
				510FBAF0273EB69F000A1F70 /* MainCoordinator.swift in Sources */,
				517C89BC27419926003CC67F /* DetailMovieViewController.swift in Sources */,
				517C89D6274429EC003CC67F /* RealmService.swift in Sources */,
				517C89D127430154003CC67F /* DetailMovieViewModel.swift in Sources */,
				517C8A022745AF00003CC67F /* ImageManager.swift in Sources */,
				517C89DC27442C4F003CC67F /* RepositoryData.swift in Sources */,
				510FBAB6273EB492000A1F70 /* SceneDelegate.swift in Sources */,
				51C0A571274012E9009D17EB /* extension+DataFormatter.swift in Sources */,
				51C0A548273F1800009D17EB /* Movie.swift in Sources */,
			);
			runOnlyForDeploymentPostprocessing = 0;
		};
		510FBAC2273EB49F000A1F70 /* Sources */ = {
			isa = PBXSourcesBuildPhase;
			buildActionMask = 2147483647;
			files = (
				510FBACB273EB49F000A1F70 /* SWorldTests.swift in Sources */,
			);
			runOnlyForDeploymentPostprocessing = 0;
		};
		510FBACD273EB49F000A1F70 /* Sources */ = {
			isa = PBXSourcesBuildPhase;
			buildActionMask = 2147483647;
			files = (
				510FBAD6273EB49F000A1F70 /* SWorldUITests.swift in Sources */,
			);
			runOnlyForDeploymentPostprocessing = 0;
		};
/* End PBXSourcesBuildPhase section */

/* Begin PBXTargetDependency section */
		510FBAC8273EB49F000A1F70 /* PBXTargetDependency */ = {
			isa = PBXTargetDependency;
			target = 510FBAAF273EB492000A1F70 /* SWorld */;
			targetProxy = 510FBAC7273EB49F000A1F70 /* PBXContainerItemProxy */;
		};
		510FBAD3273EB49F000A1F70 /* PBXTargetDependency */ = {
			isa = PBXTargetDependency;
			target = 510FBAAF273EB492000A1F70 /* SWorld */;
			targetProxy = 510FBAD2273EB49F000A1F70 /* PBXContainerItemProxy */;
		};
/* End PBXTargetDependency section */

/* Begin PBXVariantGroup section */
		510FBABE273EB49E000A1F70 /* LaunchScreen.storyboard */ = {
			isa = PBXVariantGroup;
			children = (
				510FBABF273EB49E000A1F70 /* Base */,
			);
			name = LaunchScreen.storyboard;
			sourceTree = "<group>";
		};
/* End PBXVariantGroup section */

/* Begin XCBuildConfiguration section */
		510FBAD8273EB49F000A1F70 /* Debug */ = {
			isa = XCBuildConfiguration;
			buildSettings = {
				ALWAYS_SEARCH_USER_PATHS = NO;
				CLANG_ANALYZER_NONNULL = YES;
				CLANG_ANALYZER_NUMBER_OBJECT_CONVERSION = YES_AGGRESSIVE;
				CLANG_CXX_LANGUAGE_STANDARD = "gnu++14";
				CLANG_CXX_LIBRARY = "libc++";
				CLANG_ENABLE_MODULES = YES;
				CLANG_ENABLE_OBJC_ARC = YES;
				CLANG_ENABLE_OBJC_WEAK = YES;
				CLANG_WARN_BLOCK_CAPTURE_AUTORELEASING = YES;
				CLANG_WARN_BOOL_CONVERSION = YES;
				CLANG_WARN_COMMA = YES;
				CLANG_WARN_CONSTANT_CONVERSION = YES;
				CLANG_WARN_DEPRECATED_OBJC_IMPLEMENTATIONS = YES;
				CLANG_WARN_DIRECT_OBJC_ISA_USAGE = YES_ERROR;
				CLANG_WARN_DOCUMENTATION_COMMENTS = YES;
				CLANG_WARN_EMPTY_BODY = YES;
				CLANG_WARN_ENUM_CONVERSION = YES;
				CLANG_WARN_INFINITE_RECURSION = YES;
				CLANG_WARN_INT_CONVERSION = YES;
				CLANG_WARN_NON_LITERAL_NULL_CONVERSION = YES;
				CLANG_WARN_OBJC_IMPLICIT_RETAIN_SELF = YES;
				CLANG_WARN_OBJC_LITERAL_CONVERSION = YES;
				CLANG_WARN_OBJC_ROOT_CLASS = YES_ERROR;
				CLANG_WARN_QUOTED_INCLUDE_IN_FRAMEWORK_HEADER = YES;
				CLANG_WARN_RANGE_LOOP_ANALYSIS = YES;
				CLANG_WARN_STRICT_PROTOTYPES = YES;
				CLANG_WARN_SUSPICIOUS_MOVE = YES;
				CLANG_WARN_UNGUARDED_AVAILABILITY = YES_AGGRESSIVE;
				CLANG_WARN_UNREACHABLE_CODE = YES;
				CLANG_WARN__DUPLICATE_METHOD_MATCH = YES;
				COPY_PHASE_STRIP = NO;
				DEBUG_INFORMATION_FORMAT = dwarf;
				ENABLE_STRICT_OBJC_MSGSEND = YES;
				ENABLE_TESTABILITY = YES;
				GCC_C_LANGUAGE_STANDARD = gnu11;
				GCC_DYNAMIC_NO_PIC = NO;
				GCC_NO_COMMON_BLOCKS = YES;
				GCC_OPTIMIZATION_LEVEL = 0;
				GCC_PREPROCESSOR_DEFINITIONS = (
					"DEBUG=1",
					"$(inherited)",
				);
				GCC_WARN_64_TO_32_BIT_CONVERSION = YES;
				GCC_WARN_ABOUT_RETURN_TYPE = YES_ERROR;
				GCC_WARN_UNDECLARED_SELECTOR = YES;
				GCC_WARN_UNINITIALIZED_AUTOS = YES_AGGRESSIVE;
				GCC_WARN_UNUSED_FUNCTION = YES;
				GCC_WARN_UNUSED_VARIABLE = YES;
				IPHONEOS_DEPLOYMENT_TARGET = 14.2;
				MTL_ENABLE_DEBUG_INFO = INCLUDE_SOURCE;
				MTL_FAST_MATH = YES;
				ONLY_ACTIVE_ARCH = YES;
				SDKROOT = iphoneos;
				SWIFT_ACTIVE_COMPILATION_CONDITIONS = DEBUG;
				SWIFT_OPTIMIZATION_LEVEL = "-Onone";
			};
			name = Debug;
		};
		510FBAD9273EB49F000A1F70 /* Release */ = {
			isa = XCBuildConfiguration;
			buildSettings = {
				ALWAYS_SEARCH_USER_PATHS = NO;
				CLANG_ANALYZER_NONNULL = YES;
				CLANG_ANALYZER_NUMBER_OBJECT_CONVERSION = YES_AGGRESSIVE;
				CLANG_CXX_LANGUAGE_STANDARD = "gnu++14";
				CLANG_CXX_LIBRARY = "libc++";
				CLANG_ENABLE_MODULES = YES;
				CLANG_ENABLE_OBJC_ARC = YES;
				CLANG_ENABLE_OBJC_WEAK = YES;
				CLANG_WARN_BLOCK_CAPTURE_AUTORELEASING = YES;
				CLANG_WARN_BOOL_CONVERSION = YES;
				CLANG_WARN_COMMA = YES;
				CLANG_WARN_CONSTANT_CONVERSION = YES;
				CLANG_WARN_DEPRECATED_OBJC_IMPLEMENTATIONS = YES;
				CLANG_WARN_DIRECT_OBJC_ISA_USAGE = YES_ERROR;
				CLANG_WARN_DOCUMENTATION_COMMENTS = YES;
				CLANG_WARN_EMPTY_BODY = YES;
				CLANG_WARN_ENUM_CONVERSION = YES;
				CLANG_WARN_INFINITE_RECURSION = YES;
				CLANG_WARN_INT_CONVERSION = YES;
				CLANG_WARN_NON_LITERAL_NULL_CONVERSION = YES;
				CLANG_WARN_OBJC_IMPLICIT_RETAIN_SELF = YES;
				CLANG_WARN_OBJC_LITERAL_CONVERSION = YES;
				CLANG_WARN_OBJC_ROOT_CLASS = YES_ERROR;
				CLANG_WARN_QUOTED_INCLUDE_IN_FRAMEWORK_HEADER = YES;
				CLANG_WARN_RANGE_LOOP_ANALYSIS = YES;
				CLANG_WARN_STRICT_PROTOTYPES = YES;
				CLANG_WARN_SUSPICIOUS_MOVE = YES;
				CLANG_WARN_UNGUARDED_AVAILABILITY = YES_AGGRESSIVE;
				CLANG_WARN_UNREACHABLE_CODE = YES;
				CLANG_WARN__DUPLICATE_METHOD_MATCH = YES;
				COPY_PHASE_STRIP = NO;
				DEBUG_INFORMATION_FORMAT = "dwarf-with-dsym";
				ENABLE_NS_ASSERTIONS = NO;
				ENABLE_STRICT_OBJC_MSGSEND = YES;
				GCC_C_LANGUAGE_STANDARD = gnu11;
				GCC_NO_COMMON_BLOCKS = YES;
				GCC_WARN_64_TO_32_BIT_CONVERSION = YES;
				GCC_WARN_ABOUT_RETURN_TYPE = YES_ERROR;
				GCC_WARN_UNDECLARED_SELECTOR = YES;
				GCC_WARN_UNINITIALIZED_AUTOS = YES_AGGRESSIVE;
				GCC_WARN_UNUSED_FUNCTION = YES;
				GCC_WARN_UNUSED_VARIABLE = YES;
				IPHONEOS_DEPLOYMENT_TARGET = 14.2;
				MTL_ENABLE_DEBUG_INFO = NO;
				MTL_FAST_MATH = YES;
				SDKROOT = iphoneos;
				SWIFT_COMPILATION_MODE = wholemodule;
				SWIFT_OPTIMIZATION_LEVEL = "-O";
				VALIDATE_PRODUCT = YES;
			};
			name = Release;
		};
		510FBADB273EB49F000A1F70 /* Debug */ = {
			isa = XCBuildConfiguration;
			baseConfigurationReference = DD90DEACB0748030E34CBEAD /* Pods-SWorld.debug.xcconfig */;
			buildSettings = {
				ASSETCATALOG_COMPILER_APPICON_NAME = AppIcon;
				ASSETCATALOG_COMPILER_GLOBAL_ACCENT_COLOR_NAME = AccentColor;
				CODE_SIGN_STYLE = Automatic;
				DEVELOPMENT_TEAM = EJZWFX8VCR;
				INFOPLIST_FILE = SWorld/Info.plist;
				LD_RUNPATH_SEARCH_PATHS = (
					"$(inherited)",
					"@executable_path/Frameworks",
				);
				PRODUCT_BUNDLE_IDENTIFIER = test.smaillworld.SWorld;
				PRODUCT_NAME = "$(TARGET_NAME)";
				SWIFT_VERSION = 5.0;
				TARGETED_DEVICE_FAMILY = "1,2";
			};
			name = Debug;
		};
		510FBADC273EB49F000A1F70 /* Release */ = {
			isa = XCBuildConfiguration;
			baseConfigurationReference = 08E4958734352EDBDF939EEF /* Pods-SWorld.release.xcconfig */;
			buildSettings = {
				ASSETCATALOG_COMPILER_APPICON_NAME = AppIcon;
				ASSETCATALOG_COMPILER_GLOBAL_ACCENT_COLOR_NAME = AccentColor;
				CODE_SIGN_STYLE = Automatic;
				DEVELOPMENT_TEAM = EJZWFX8VCR;
				INFOPLIST_FILE = SWorld/Info.plist;
				LD_RUNPATH_SEARCH_PATHS = (
					"$(inherited)",
					"@executable_path/Frameworks",
				);
				PRODUCT_BUNDLE_IDENTIFIER = test.smaillworld.SWorld;
				PRODUCT_NAME = "$(TARGET_NAME)";
				SWIFT_VERSION = 5.0;
				TARGETED_DEVICE_FAMILY = "1,2";
			};
			name = Release;
		};
		510FBADE273EB49F000A1F70 /* Debug */ = {
			isa = XCBuildConfiguration;
			baseConfigurationReference = 5A512046CD169F0ED1BCDF0F /* Pods-SWorldTests.debug.xcconfig */;
			buildSettings = {
				ALWAYS_EMBED_SWIFT_STANDARD_LIBRARIES = YES;
				BUNDLE_LOADER = "$(TEST_HOST)";
				CODE_SIGN_STYLE = Automatic;
				DEVELOPMENT_TEAM = EJZWFX8VCR;
				INFOPLIST_FILE = SWorldTests/Info.plist;
				IPHONEOS_DEPLOYMENT_TARGET = 14.2;
				LD_RUNPATH_SEARCH_PATHS = (
					"$(inherited)",
					"@executable_path/Frameworks",
					"@loader_path/Frameworks",
				);
				PRODUCT_BUNDLE_IDENTIFIER = test.smaillworld.SWorldTests;
				PRODUCT_NAME = "$(TARGET_NAME)";
				SWIFT_VERSION = 5.0;
				TARGETED_DEVICE_FAMILY = "1,2";
				TEST_HOST = "$(BUILT_PRODUCTS_DIR)/SWorld.app/SWorld";
			};
			name = Debug;
		};
		510FBADF273EB49F000A1F70 /* Release */ = {
			isa = XCBuildConfiguration;
			baseConfigurationReference = 437080D9D2CEBDE86A3DCB34 /* Pods-SWorldTests.release.xcconfig */;
			buildSettings = {
				ALWAYS_EMBED_SWIFT_STANDARD_LIBRARIES = YES;
				BUNDLE_LOADER = "$(TEST_HOST)";
				CODE_SIGN_STYLE = Automatic;
				DEVELOPMENT_TEAM = EJZWFX8VCR;
				INFOPLIST_FILE = SWorldTests/Info.plist;
				IPHONEOS_DEPLOYMENT_TARGET = 14.2;
				LD_RUNPATH_SEARCH_PATHS = (
					"$(inherited)",
					"@executable_path/Frameworks",
					"@loader_path/Frameworks",
				);
				PRODUCT_BUNDLE_IDENTIFIER = test.smaillworld.SWorldTests;
				PRODUCT_NAME = "$(TARGET_NAME)";
				SWIFT_VERSION = 5.0;
				TARGETED_DEVICE_FAMILY = "1,2";
				TEST_HOST = "$(BUILT_PRODUCTS_DIR)/SWorld.app/SWorld";
			};
			name = Release;
		};
		510FBAE1273EB49F000A1F70 /* Debug */ = {
			isa = XCBuildConfiguration;
			baseConfigurationReference = 7018C5423B40E52022541938 /* Pods-SWorld-SWorldUITests.debug.xcconfig */;
			buildSettings = {
				ALWAYS_EMBED_SWIFT_STANDARD_LIBRARIES = YES;
				CODE_SIGN_STYLE = Automatic;
				DEVELOPMENT_TEAM = EJZWFX8VCR;
				INFOPLIST_FILE = SWorldUITests/Info.plist;
				LD_RUNPATH_SEARCH_PATHS = (
					"$(inherited)",
					"@executable_path/Frameworks",
					"@loader_path/Frameworks",
				);
				PRODUCT_BUNDLE_IDENTIFIER = test.smaillworld.SWorldUITests;
				PRODUCT_NAME = "$(TARGET_NAME)";
				SWIFT_VERSION = 5.0;
				TARGETED_DEVICE_FAMILY = "1,2";
				TEST_TARGET_NAME = SWorld;
			};
			name = Debug;
		};
		510FBAE2273EB49F000A1F70 /* Release */ = {
			isa = XCBuildConfiguration;
			baseConfigurationReference = AC69A0C03FBF3A81B6A95791 /* Pods-SWorld-SWorldUITests.release.xcconfig */;
			buildSettings = {
				ALWAYS_EMBED_SWIFT_STANDARD_LIBRARIES = YES;
				CODE_SIGN_STYLE = Automatic;
				DEVELOPMENT_TEAM = EJZWFX8VCR;
				INFOPLIST_FILE = SWorldUITests/Info.plist;
				LD_RUNPATH_SEARCH_PATHS = (
					"$(inherited)",
					"@executable_path/Frameworks",
					"@loader_path/Frameworks",
				);
				PRODUCT_BUNDLE_IDENTIFIER = test.smaillworld.SWorldUITests;
				PRODUCT_NAME = "$(TARGET_NAME)";
				SWIFT_VERSION = 5.0;
				TARGETED_DEVICE_FAMILY = "1,2";
				TEST_TARGET_NAME = SWorld;
			};
			name = Release;
		};
/* End XCBuildConfiguration section */

/* Begin XCConfigurationList section */
		510FBAAB273EB492000A1F70 /* Build configuration list for PBXProject "SWorld" */ = {
			isa = XCConfigurationList;
			buildConfigurations = (
				510FBAD8273EB49F000A1F70 /* Debug */,
				510FBAD9273EB49F000A1F70 /* Release */,
			);
			defaultConfigurationIsVisible = 0;
			defaultConfigurationName = Release;
		};
		510FBADA273EB49F000A1F70 /* Build configuration list for PBXNativeTarget "SWorld" */ = {
			isa = XCConfigurationList;
			buildConfigurations = (
				510FBADB273EB49F000A1F70 /* Debug */,
				510FBADC273EB49F000A1F70 /* Release */,
			);
			defaultConfigurationIsVisible = 0;
			defaultConfigurationName = Release;
		};
		510FBADD273EB49F000A1F70 /* Build configuration list for PBXNativeTarget "SWorldTests" */ = {
			isa = XCConfigurationList;
			buildConfigurations = (
				510FBADE273EB49F000A1F70 /* Debug */,
				510FBADF273EB49F000A1F70 /* Release */,
			);
			defaultConfigurationIsVisible = 0;
			defaultConfigurationName = Release;
		};
		510FBAE0273EB49F000A1F70 /* Build configuration list for PBXNativeTarget "SWorldUITests" */ = {
			isa = XCConfigurationList;
			buildConfigurations = (
				510FBAE1273EB49F000A1F70 /* Debug */,
				510FBAE2273EB49F000A1F70 /* Release */,
			);
			defaultConfigurationIsVisible = 0;
			defaultConfigurationName = Release;
		};
/* End XCConfigurationList section */
	};
	rootObject = 510FBAA8273EB492000A1F70 /* Project object */;
}
